
Microsoft Visual Studio Solution File, Format Version 12.00
# Visual Studio 2012
Project("{FAE04EC0-301F-11D3-BF4B-00C04F79EFBC}") = "DependencyHealthCheck", "DependencyHealthCheck\DependencyHealthCheck.csproj", "{C0398D19-3993-451E-AC92-6F894A57B346}"
EndProject
Project("{FAE04EC0-301F-11D3-BF4B-00C04F79EFBC}") = "DocumentDBServiceLibrary", "DocumentDBServiceLibrary\DocumentDBServiceLibrary.csproj", "{1C48A997-F3F2-4399-85EA-142DB63A6938}"
EndProject
Global
	GlobalSection(SolutionConfigurationPlatforms) = preSolution
		Debug|Any CPU = Debug|Any CPU
		Release|Any CPU = Release|Any CPU
	EndGlobalSection
	GlobalSection(ProjectConfigurationPlatforms) = postSolution
		{C0398D19-3993-451E-AC92-6F894A57B346}.Debug|Any CPU.ActiveCfg = Debug|Any CPU
		{C0398D19-3993-451E-AC92-6F894A57B346}.Debug|Any CPU.Build.0 = Debug|Any CPU
		{C0398D19-3993-451E-AC92-6F894A57B346}.Release|Any CPU.ActiveCfg = Release|Any CPU
		{C0398D19-3993-451E-AC92-6F894A57B346}.Release|Any CPU.Build.0 = Release|Any CPU
		{1C48A997-F3F2-4399-85EA-142DB63A6938}.Debug|Any CPU.ActiveCfg = Debug|Any CPU
		{1C48A997-F3F2-4399-85EA-142DB63A6938}.Debug|Any CPU.Build.0 = Debug|Any CPU
		{1C48A997-F3F2-4399-85EA-142DB63A6938}.Release|Any CPU.ActiveCfg = Release|Any CPU
		{1C48A997-F3F2-4399-85EA-142DB63A6938}.Release|Any CPU.Build.0 = Release|Any CPU
	EndGlobalSection
	GlobalSection(SolutionProperties) = preSolution
		HideSolutionNode = FALSE
	EndGlobalSection
EndGlobal
